
Microsoft Visual Studio Solution File, Format Version 12.00
# Visual Studio Version 16
VisualStudioVersion = 25.0.1706.12
MinimumVisualStudioVersion = 10.0.40219.1
Project("{FAE04EC0-301F-11D3-BF4B-00C04F79EFBC}") = "ShapeLibrary", "ShapeLibrary\ShapeLibrary.csproj", "{F32F8F42-CEDC-43F0-9F10-20443F53B82A}"
EndProject
Project("{FAE04EC0-301F-11D3-BF4B-00C04F79EFBC}") = "ShapeTests", "ShapeTests\ShapeTests.csproj", "{70A8DF2D-58DE-4241-AE71-DAF774836BC8}"
EndProject
Global
	GlobalSection(SolutionConfigurationPlatforms) = preSolution
		Debug|Any CPU = Debug|Any CPU
		Release|Any CPU = Release|Any CPU
	EndGlobalSection
	GlobalSection(ProjectConfigurationPlatforms) = postSolution
		{F32F8F42-CEDC-43F0-9F10-20443F53B82A}.Debug|Any CPU.ActiveCfg = Debug|Any CPU
		{F32F8F42-CEDC-43F0-9F10-20443F53B82A}.Debug|Any CPU.Build.0 = Debug|Any CPU
		{F32F8F42-CEDC-43F0-9F10-20443F53B82A}.Release|Any CPU.ActiveCfg = Release|Any CPU
		{F32F8F42-CEDC-43F0-9F10-20443F53B82A}.Release|Any CPU.Build.0 = Release|Any CPU
		{70A8DF2D-58DE-4241-AE71-DAF774836BC8}.Debug|Any CPU.ActiveCfg = Debug|Any CPU
		{70A8DF2D-58DE-4241-AE71-DAF774836BC8}.Debug|Any CPU.Build.0 = Debug|Any CPU
		{70A8DF2D-58DE-4241-AE71-DAF774836BC8}.Release|Any CPU.ActiveCfg = Release|Any CPU
		{70A8DF2D-58DE-4241-AE71-DAF774836BC8}.Release|Any CPU.Build.0 = Release|Any CPU
	EndGlobalSection
	GlobalSection(SolutionProperties) = preSolution
		HideSolutionNode = FALSE
	EndGlobalSection
	GlobalSection(ExtensibilityGlobals) = postSolution
		SolutionGuid = {00834656-4B6C-457B-87AB-26D311E87714}
	EndGlobalSection
EndGlobal
